<?xml version="1.0" encoding="UTF-8" standalone="yes" ?>
<CodeBlocks_project_file>
	<FileVersion major="1" minor="6" />
	<Project>
		<Option title="BalatroRogue" />
		<Option pch_mode="2" />
		<Option compiler="gcc" />
		<Build>
			<Target title="Debug">
				<Option output="bin/Debug/BalatroRogue" prefix_auto="1" extension_auto="1" />
				<Option object_output="obj/Debug/" />
				<Option type="1" />
				<Option compiler="gcc" />
				<Compiler>
					<Add option="-g" />
				</Compiler>
			</Target>
			<Target title="Release">
				<Option output="bin/Release/BalatroRogue" prefix_auto="1" extension_auto="1" />
				<Option object_output="obj/Release/" />
				<Option type="1" />
				<Option compiler="gcc" />
				<Compiler>
					<Add option="-O2" />
				</Compiler>
				<Linker>
					<Add option="-s" />
				</Linker>
			</Target>
		</Build>
		<Compiler>
			<Add option="-Wall" />
		</Compiler>
		<Unit filename="headers/enemigos.h" />
		<Unit filename="headers/helpers.h" />
		<Unit filename="headers/juego.h" />
		<Unit filename="headers/mapa.h" />
		<Unit filename="headers/matriz_dinamica.h" />
		<Unit filename="headers/objetos.h" />
		<Unit filename="headers/personaje.h" />
		<Unit filename="sources/enemigos.c">
			<Option compilerVar="CC" />
		</Unit>
		<Unit filename="sources/helpers.c">
			<Option compilerVar="CC" />
		</Unit>
		<Unit filename="sources/juego.c">
			<Option compilerVar="CC" />
		</Unit>
		<Unit filename="sources/main.c">
			<Option compilerVar="CC" />
		</Unit>
		<Unit filename="sources/mapa.c">
			<Option compilerVar="CC" />
		</Unit>
		<Unit filename="sources/matriz_dinamica.c">
			<Option compilerVar="CC" />
		</Unit>
		<Unit filename="sources/objetos.c">
			<Option compilerVar="CC" />
		</Unit>
		<Unit filename="sources/personaje.c">
			<Option compilerVar="CC" />
		</Unit>
		<Extensions>
			<lib_finder disable_auto="1" />
		</Extensions>
	</Project>
</CodeBlocks_project_file>
